
Microsoft Visual Studio Solution File, Format Version 11.00
# Visual Basic Express 2010
Project("{F184B08F-C81C-45F6-A57F-5ABD9991F28F}") = "PaintingPro 1", "PaintingPro 1\PaintingPro 1.vbproj", "{044003D3-C74C-485A-9370-7465C8987F27}"
EndProject
Global
	GlobalSection(SolutionConfigurationPlatforms) = preSolution
		Debug|x86 = Debug|x86
		Release|x86 = Release|x86
	EndGlobalSection
	GlobalSection(ProjectConfigurationPlatforms) = postSolution
		{044003D3-C74C-485A-9370-7465C8987F27}.Debug|x86.ActiveCfg = Debug|x86
		{044003D3-C74C-485A-9370-7465C8987F27}.Debug|x86.Build.0 = Debug|x86
		{044003D3-C74C-485A-9370-7465C8987F27}.Release|x86.ActiveCfg = Release|x86
		{044003D3-C74C-485A-9370-7465C8987F27}.Release|x86.Build.0 = Release|x86
	EndGlobalSection
	GlobalSection(SolutionProperties) = preSolution
		HideSolutionNode = FALSE
	EndGlobalSection
EndGlobal
